
Microsoft Visual Studio Solution File, Format Version 12.00
# Visual Studio 15
Project("{FAE04EC0-301F-11D3-BF4B-00C04F79EFBC}") = "Zenject", "Zenject.csproj", "{9DF53F2C-9346-C853-B0B2-9B6337486806}"
EndProject
Project("{FAE04EC0-301F-11D3-BF4B-00C04F79EFBC}") = "Zenject-IntegrationTests", "Zenject-IntegrationTests.csproj", "{4F7E16D4-6BD5-757D-7CE2-3F498BB2B7DB}"
EndProject
Project("{FAE04EC0-301F-11D3-BF4B-00C04F79EFBC}") = "Zenject-IntegrationTests-Editor", "Zenject-IntegrationTests-Editor.csproj", "{F55D86D0-397A-D054-2CBE-B3530EEE49C7}"
EndProject
Project("{FAE04EC0-301F-11D3-BF4B-00C04F79EFBC}") = "Assembly-CSharp", "Assembly-CSharp.csproj", "{C2A6E22F-77AE-61D0-3D41-BDDE86457745}"
EndProject
Project("{FAE04EC0-301F-11D3-BF4B-00C04F79EFBC}") = "Zenject-PoolMonitor-Editor", "Zenject-PoolMonitor-Editor.csproj", "{923AA97E-7755-2B64-20F2-CE941A9EDA00}"
EndProject
Project("{FAE04EC0-301F-11D3-BF4B-00C04F79EFBC}") = "Zenject-UnitTests-Editor", "Zenject-UnitTests-Editor.csproj", "{33CC449F-2242-4ADF-5520-6BD459B2B502}"
EndProject
Project("{FAE04EC0-301F-11D3-BF4B-00C04F79EFBC}") = "Zenject-ReflectionBaking-Editor", "Zenject-ReflectionBaking-Editor.csproj", "{1578E59A-A870-A102-0BA9-F32EF2E04792}"
EndProject
Project("{FAE04EC0-301F-11D3-BF4B-00C04F79EFBC}") = "Zenject-TestFramework", "Zenject-TestFramework.csproj", "{C09AADB1-290F-EA7B-4747-795E67FF5D4E}"
EndProject
Project("{FAE04EC0-301F-11D3-BF4B-00C04F79EFBC}") = "Zenject-Editor", "Zenject-Editor.csproj", "{DCBC5C30-6396-2E9C-8A1C-789BE8A0BC15}"
EndProject
Global
	GlobalSection(SolutionConfigurationPlatforms) = preSolution
		Debug|Any CPU = Debug|Any CPU
		Release|Any CPU = Release|Any CPU
	EndGlobalSection
	GlobalSection(ProjectConfigurationPlatforms) = postSolution
		{9DF53F2C-9346-C853-B0B2-9B6337486806}.Debug|Any CPU.ActiveCfg = Debug|Any CPU
		{9DF53F2C-9346-C853-B0B2-9B6337486806}.Debug|Any CPU.Build.0 = Debug|Any CPU
		{9DF53F2C-9346-C853-B0B2-9B6337486806}.Release|Any CPU.ActiveCfg = Release|Any CPU
		{9DF53F2C-9346-C853-B0B2-9B6337486806}.Release|Any CPU.Build.0 = Release|Any CPU
		{4F7E16D4-6BD5-757D-7CE2-3F498BB2B7DB}.Debug|Any CPU.ActiveCfg = Debug|Any CPU
		{4F7E16D4-6BD5-757D-7CE2-3F498BB2B7DB}.Debug|Any CPU.Build.0 = Debug|Any CPU
		{4F7E16D4-6BD5-757D-7CE2-3F498BB2B7DB}.Release|Any CPU.ActiveCfg = Release|Any CPU
		{4F7E16D4-6BD5-757D-7CE2-3F498BB2B7DB}.Release|Any CPU.Build.0 = Release|Any CPU
		{F55D86D0-397A-D054-2CBE-B3530EEE49C7}.Debug|Any CPU.ActiveCfg = Debug|Any CPU
		{F55D86D0-397A-D054-2CBE-B3530EEE49C7}.Debug|Any CPU.Build.0 = Debug|Any CPU
		{F55D86D0-397A-D054-2CBE-B3530EEE49C7}.Release|Any CPU.ActiveCfg = Release|Any CPU
		{F55D86D0-397A-D054-2CBE-B3530EEE49C7}.Release|Any CPU.Build.0 = Release|Any CPU
		{C2A6E22F-77AE-61D0-3D41-BDDE86457745}.Debug|Any CPU.ActiveCfg = Debug|Any CPU
		{C2A6E22F-77AE-61D0-3D41-BDDE86457745}.Debug|Any CPU.Build.0 = Debug|Any CPU
		{C2A6E22F-77AE-61D0-3D41-BDDE86457745}.Release|Any CPU.ActiveCfg = Release|Any CPU
		{C2A6E22F-77AE-61D0-3D41-BDDE86457745}.Release|Any CPU.Build.0 = Release|Any CPU
		{923AA97E-7755-2B64-20F2-CE941A9EDA00}.Debug|Any CPU.ActiveCfg = Debug|Any CPU
		{923AA97E-7755-2B64-20F2-CE941A9EDA00}.Debug|Any CPU.Build.0 = Debug|Any CPU
		{923AA97E-7755-2B64-20F2-CE941A9EDA00}.Release|Any CPU.ActiveCfg = Release|Any CPU
		{923AA97E-7755-2B64-20F2-CE941A9EDA00}.Release|Any CPU.Build.0 = Release|Any CPU
		{33CC449F-2242-4ADF-5520-6BD459B2B502}.Debug|Any CPU.ActiveCfg = Debug|Any CPU
		{33CC449F-2242-4ADF-5520-6BD459B2B502}.Debug|Any CPU.Build.0 = Debug|Any CPU
		{33CC449F-2242-4ADF-5520-6BD459B2B502}.Release|Any CPU.ActiveCfg = Release|Any CPU
		{33CC449F-2242-4ADF-5520-6BD459B2B502}.Release|Any CPU.Build.0 = Release|Any CPU
		{1578E59A-A870-A102-0BA9-F32EF2E04792}.Debug|Any CPU.ActiveCfg = Debug|Any CPU
		{1578E59A-A870-A102-0BA9-F32EF2E04792}.Debug|Any CPU.Build.0 = Debug|Any CPU
		{1578E59A-A870-A102-0BA9-F32EF2E04792}.Release|Any CPU.ActiveCfg = Release|Any CPU
		{1578E59A-A870-A102-0BA9-F32EF2E04792}.Release|Any CPU.Build.0 = Release|Any CPU
		{C09AADB1-290F-EA7B-4747-795E67FF5D4E}.Debug|Any CPU.ActiveCfg = Debug|Any CPU
		{C09AADB1-290F-EA7B-4747-795E67FF5D4E}.Debug|Any CPU.Build.0 = Debug|Any CPU
		{C09AADB1-290F-EA7B-4747-795E67FF5D4E}.Release|Any CPU.ActiveCfg = Release|Any CPU
		{C09AADB1-290F-EA7B-4747-795E67FF5D4E}.Release|Any CPU.Build.0 = Release|Any CPU
		{DCBC5C30-6396-2E9C-8A1C-789BE8A0BC15}.Debug|Any CPU.ActiveCfg = Debug|Any CPU
		{DCBC5C30-6396-2E9C-8A1C-789BE8A0BC15}.Debug|Any CPU.Build.0 = Debug|Any CPU
		{DCBC5C30-6396-2E9C-8A1C-789BE8A0BC15}.Release|Any CPU.ActiveCfg = Release|Any CPU
		{DCBC5C30-6396-2E9C-8A1C-789BE8A0BC15}.Release|Any CPU.Build.0 = Release|Any CPU
	EndGlobalSection
	GlobalSection(SolutionProperties) = preSolution
		HideSolutionNode = FALSE
	EndGlobalSection
EndGlobal
